
Microsoft Visual Studio Solution File, Format Version 12.00
# Visual Studio Version 16
VisualStudioVersion = 25.0.1703.5
MinimumVisualStudioVersion = 10.0.40219.1
Project("{FAE04EC0-301F-11D3-BF4B-00C04F79EFBC}") = "MP.ApiDotNet6.Domain", "MP.ApiDotNet6.Domain\MP.ApiDotNet6.Domain.csproj", "{F2338DE0-F7B5-4925-8D9E-1A5FECB78825}"
EndProject
Project("{FAE04EC0-301F-11D3-BF4B-00C04F79EFBC}") = "MP.ApiDotNet6.Infra.Data", "MP.ApiDotNet6.Infra.Data\MP.ApiDotNet6.Infra.Data.csproj", "{5BA07C9A-BD02-4AE2-91F7-6D2A4E5B381F}"
EndProject
Project("{FAE04EC0-301F-11D3-BF4B-00C04F79EFBC}") = "MP.ApiDotNet6.Application", "MP.ApiDotNet6.Application\MP.ApiDotNet6.Application.csproj", "{7DE2C743-3EA7-45F2-8AFC-FE12270B2999}"
EndProject
Project("{FAE04EC0-301F-11D3-BF4B-00C04F79EFBC}") = "MP.ApiDotNet6.Infra.IoC", "MP.ApiDotNet6.Infra.IoC\MP.ApiDotNet6.Infra.IoC.csproj", "{076877CD-05F6-4E16-8364-289510C51133}"
EndProject
Project("{FAE04EC0-301F-11D3-BF4B-00C04F79EFBC}") = "MP.ApiDotNet6.Api", "MP.ApiDotNet6.Api\MP.ApiDotNet6.Api.csproj", "{22C75F7A-F0D9-47FB-AEC2-28CB0FF54980}"
EndProject
Global
	GlobalSection(SolutionConfigurationPlatforms) = preSolution
		Debug|Any CPU = Debug|Any CPU
		Release|Any CPU = Release|Any CPU
	EndGlobalSection
	GlobalSection(ProjectConfigurationPlatforms) = postSolution
		{F2338DE0-F7B5-4925-8D9E-1A5FECB78825}.Debug|Any CPU.ActiveCfg = Debug|Any CPU
		{F2338DE0-F7B5-4925-8D9E-1A5FECB78825}.Debug|Any CPU.Build.0 = Debug|Any CPU
		{F2338DE0-F7B5-4925-8D9E-1A5FECB78825}.Release|Any CPU.ActiveCfg = Release|Any CPU
		{F2338DE0-F7B5-4925-8D9E-1A5FECB78825}.Release|Any CPU.Build.0 = Release|Any CPU
		{5BA07C9A-BD02-4AE2-91F7-6D2A4E5B381F}.Debug|Any CPU.ActiveCfg = Debug|Any CPU
		{5BA07C9A-BD02-4AE2-91F7-6D2A4E5B381F}.Debug|Any CPU.Build.0 = Debug|Any CPU
		{5BA07C9A-BD02-4AE2-91F7-6D2A4E5B381F}.Release|Any CPU.ActiveCfg = Release|Any CPU
		{5BA07C9A-BD02-4AE2-91F7-6D2A4E5B381F}.Release|Any CPU.Build.0 = Release|Any CPU
		{7DE2C743-3EA7-45F2-8AFC-FE12270B2999}.Debug|Any CPU.ActiveCfg = Debug|Any CPU
		{7DE2C743-3EA7-45F2-8AFC-FE12270B2999}.Debug|Any CPU.Build.0 = Debug|Any CPU
		{7DE2C743-3EA7-45F2-8AFC-FE12270B2999}.Release|Any CPU.ActiveCfg = Release|Any CPU
		{7DE2C743-3EA7-45F2-8AFC-FE12270B2999}.Release|Any CPU.Build.0 = Release|Any CPU
		{076877CD-05F6-4E16-8364-289510C51133}.Debug|Any CPU.ActiveCfg = Debug|Any CPU
		{076877CD-05F6-4E16-8364-289510C51133}.Debug|Any CPU.Build.0 = Debug|Any CPU
		{076877CD-05F6-4E16-8364-289510C51133}.Release|Any CPU.ActiveCfg = Release|Any CPU
		{076877CD-05F6-4E16-8364-289510C51133}.Release|Any CPU.Build.0 = Release|Any CPU
		{22C75F7A-F0D9-47FB-AEC2-28CB0FF54980}.Debug|Any CPU.ActiveCfg = Debug|Any CPU
		{22C75F7A-F0D9-47FB-AEC2-28CB0FF54980}.Debug|Any CPU.Build.0 = Debug|Any CPU
		{22C75F7A-F0D9-47FB-AEC2-28CB0FF54980}.Release|Any CPU.ActiveCfg = Release|Any CPU
		{22C75F7A-F0D9-47FB-AEC2-28CB0FF54980}.Release|Any CPU.Build.0 = Release|Any CPU
	EndGlobalSection
	GlobalSection(SolutionProperties) = preSolution
		HideSolutionNode = FALSE
	EndGlobalSection
	GlobalSection(ExtensibilityGlobals) = postSolution
		SolutionGuid = {49BE35FA-9794-4D40-A08D-76AD9E036D01}
	EndGlobalSection
EndGlobal
